// !$*UTF8*$!
{
	archiveVersion = 1;
	classes = {
	};
	objectVersion = 50;
	objects = {

/* Begin PBXBuildFile section */
		2FA6472425B354F3002C08A2 /* AppDelegate.swift in Sources */ = {isa = PBXBuildFile; fileRef = 2FA6472325B354F3002C08A2 /* AppDelegate.swift */; };
		2FA6472625B354F3002C08A2 /* SceneDelegate.swift in Sources */ = {isa = PBXBuildFile; fileRef = 2FA6472525B354F3002C08A2 /* SceneDelegate.swift */; };
		2FA6472825B354F3002C08A2 /* ViewController.swift in Sources */ = {isa = PBXBuildFile; fileRef = 2FA6472725B354F3002C08A2 /* ViewController.swift */; };
		2FA6472B25B354F3002C08A2 /* Main.storyboard in Resources */ = {isa = PBXBuildFile; fileRef = 2FA6472925B354F3002C08A2 /* Main.storyboard */; };
		2FA6472D25B354F5002C08A2 /* Assets.xcassets in Resources */ = {isa = PBXBuildFile; fileRef = 2FA6472C25B354F5002C08A2 /* Assets.xcassets */; };
		2FA6473025B354F5002C08A2 /* LaunchScreen.storyboard in Resources */ = {isa = PBXBuildFile; fileRef = 2FA6472E25B354F5002C08A2 /* LaunchScreen.storyboard */; };
		2FA6473B25B354F6002C08A2 /* PicChallengeTests.swift in Sources */ = {isa = PBXBuildFile; fileRef = 2FA6473A25B354F6002C08A2 /* PicChallengeTests.swift */; };
		2FA6474625B354F6002C08A2 /* PicChallengeUITests.swift in Sources */ = {isa = PBXBuildFile; fileRef = 2FA6474525B354F6002C08A2 /* PicChallengeUITests.swift */; };
/* End PBXBuildFile section */

/* Begin PBXContainerItemProxy section */
		2FA6473725B354F6002C08A2 /* PBXContainerItemProxy */ = {
			isa = PBXContainerItemProxy;
			containerPortal = 2FA6471825B354F3002C08A2 /* Project object */;
			proxyType = 1;
			remoteGlobalIDString = 2FA6471F25B354F3002C08A2;
			remoteInfo = PicChallenge;
		};
		2FA6474225B354F6002C08A2 /* PBXContainerItemProxy */ = {
			isa = PBXContainerItemProxy;
			containerPortal = 2FA6471825B354F3002C08A2 /* Project object */;
			proxyType = 1;
			remoteGlobalIDString = 2FA6471F25B354F3002C08A2;
			remoteInfo = PicChallenge;
		};
/* End PBXContainerItemProxy section */

/* Begin PBXFileReference section */
		2FA6472025B354F3002C08A2 /* PicChallenge.app */ = {isa = PBXFileReference; explicitFileType = wrapper.application; includeInIndex = 0; path = PicChallenge.app; sourceTree = BUILT_PRODUCTS_DIR; };
		2FA6472325B354F3002C08A2 /* AppDelegate.swift */ = {isa = PBXFileReference; lastKnownFileType = sourcecode.swift; path = AppDelegate.swift; sourceTree = "<group>"; };
		2FA6472525B354F3002C08A2 /* SceneDelegate.swift */ = {isa = PBXFileReference; lastKnownFileType = sourcecode.swift; path = SceneDelegate.swift; sourceTree = "<group>"; };
		2FA6472725B354F3002C08A2 /* ViewController.swift */ = {isa = PBXFileReference; lastKnownFileType = sourcecode.swift; path = ViewController.swift; sourceTree = "<group>"; };
		2FA6472A25B354F3002C08A2 /* Base */ = {isa = PBXFileReference; lastKnownFileType = file.storyboard; name = Base; path = Base.lproj/Main.storyboard; sourceTree = "<group>"; };
		2FA6472C25B354F5002C08A2 /* Assets.xcassets */ = {isa = PBXFileReference; lastKnownFileType = folder.assetcatalog; path = Assets.xcassets; sourceTree = "<group>"; };
		2FA6472F25B354F5002C08A2 /* Base */ = {isa = PBXFileReference; lastKnownFileType = file.storyboard; name = Base; path = Base.lproj/LaunchScreen.storyboard; sourceTree = "<group>"; };
		2FA6473125B354F5002C08A2 /* Info.plist */ = {isa = PBXFileReference; lastKnownFileType = text.plist.xml; path = Info.plist; sourceTree = "<group>"; };
		2FA6473625B354F6002C08A2 /* PicChallengeTests.xctest */ = {isa = PBXFileReference; explicitFileType = wrapper.cfbundle; includeInIndex = 0; path = PicChallengeTests.xctest; sourceTree = BUILT_PRODUCTS_DIR; };
		2FA6473A25B354F6002C08A2 /* PicChallengeTests.swift */ = {isa = PBXFileReference; lastKnownFileType = sourcecode.swift; path = PicChallengeTests.swift; sourceTree = "<group>"; };
		2FA6473C25B354F6002C08A2 /* Info.plist */ = {isa = PBXFileReference; lastKnownFileType = text.plist.xml; path = Info.plist; sourceTree = "<group>"; };
		2FA6474125B354F6002C08A2 /* PicChallengeUITests.xctest */ = {isa = PBXFileReference; explicitFileType = wrapper.cfbundle; includeInIndex = 0; path = PicChallengeUITests.xctest; sourceTree = BUILT_PRODUCTS_DIR; };
		2FA6474525B354F6002C08A2 /* PicChallengeUITests.swift */ = {isa = PBXFileReference; lastKnownFileType = sourcecode.swift; path = PicChallengeUITests.swift; sourceTree = "<group>"; };
		2FA6474725B354F6002C08A2 /* Info.plist */ = {isa = PBXFileReference; lastKnownFileType = text.plist.xml; path = Info.plist; sourceTree = "<group>"; };
/* End PBXFileReference section */

/* Begin PBXFrameworksBuildPhase section */
		2FA6471D25B354F3002C08A2 /* Frameworks */ = {
			isa = PBXFrameworksBuildPhase;
			buildActionMask = 2147483647;
			files = (
			);
			runOnlyForDeploymentPostprocessing = 0;
		};
		2FA6473325B354F6002C08A2 /* Frameworks */ = {
			isa = PBXFrameworksBuildPhase;
			buildActionMask = 2147483647;
			files = (
			);
			runOnlyForDeploymentPostprocessing = 0;
		};
		2FA6473E25B354F6002C08A2 /* Frameworks */ = {
			isa = PBXFrameworksBuildPhase;
			buildActionMask = 2147483647;
			files = (
			);
			runOnlyForDeploymentPostprocessing = 0;
		};
/* End PBXFrameworksBuildPhase section */

/* Begin PBXGroup section */
		2FA6471725B354F3002C08A2 = {
			isa = PBXGroup;
			children = (
				2FA6472225B354F3002C08A2 /* PicChallenge */,
				2FA6473925B354F6002C08A2 /* PicChallengeTests */,
				2FA6474425B354F6002C08A2 /* PicChallengeUITests */,
				2FA6472125B354F3002C08A2 /* Products */,
			);
			sourceTree = "<group>";
		};
		2FA6472125B354F3002C08A2 /* Products */ = {
			isa = PBXGroup;
			children = (
				2FA6472025B354F3002C08A2 /* PicChallenge.app */,
				2FA6473625B354F6002C08A2 /* PicChallengeTests.xctest */,
				2FA6474125B354F6002C08A2 /* PicChallengeUITests.xctest */,
			);
			name = Products;
			sourceTree = "<group>";
		};
		2FA6472225B354F3002C08A2 /* PicChallenge */ = {
			isa = PBXGroup;
			children = (
				2FA6472325B354F3002C08A2 /* AppDelegate.swift */,
				2FA6472525B354F3002C08A2 /* SceneDelegate.swift */,
				2FA6472725B354F3002C08A2 /* ViewController.swift */,
				2FA6472925B354F3002C08A2 /* Main.storyboard */,
				2FA6472C25B354F5002C08A2 /* Assets.xcassets */,
				2FA6472E25B354F5002C08A2 /* LaunchScreen.storyboard */,
				2FA6473125B354F5002C08A2 /* Info.plist */,
			);
			path = PicChallenge;
			sourceTree = "<group>";
		};
		2FA6473925B354F6002C08A2 /* PicChallengeTests */ = {
			isa = PBXGroup;
			children = (
				2FA6473A25B354F6002C08A2 /* PicChallengeTests.swift */,
				2FA6473C25B354F6002C08A2 /* Info.plist */,
			);
			path = PicChallengeTests;
			sourceTree = "<group>";
		};
		2FA6474425B354F6002C08A2 /* PicChallengeUITests */ = {
			isa = PBXGroup;
			children = (
				2FA6474525B354F6002C08A2 /* PicChallengeUITests.swift */,
				2FA6474725B354F6002C08A2 /* Info.plist */,
			);
			path = PicChallengeUITests;
			sourceTree = "<group>";
		};
/* End PBXGroup section */

/* Begin PBXNativeTarget section */
		2FA6471F25B354F3002C08A2 /* PicChallenge */ = {
			isa = PBXNativeTarget;
			buildConfigurationList = 2FA6474A25B354F6002C08A2 /* Build configuration list for PBXNativeTarget "PicChallenge" */;
			buildPhases = (
				2FA6471C25B354F3002C08A2 /* Sources */,
				2FA6471D25B354F3002C08A2 /* Frameworks */,
				2FA6471E25B354F3002C08A2 /* Resources */,
			);
			buildRules = (
			);
			dependencies = (
			);
			name = PicChallenge;
			productName = PicChallenge;
			productReference = 2FA6472025B354F3002C08A2 /* PicChallenge.app */;
			productType = "com.apple.product-type.application";
		};
		2FA6473525B354F6002C08A2 /* PicChallengeTests */ = {
			isa = PBXNativeTarget;
			buildConfigurationList = 2FA6474D25B354F6002C08A2 /* Build configuration list for PBXNativeTarget "PicChallengeTests" */;
			buildPhases = (
				2FA6473225B354F6002C08A2 /* Sources */,
				2FA6473325B354F6002C08A2 /* Frameworks */,
				2FA6473425B354F6002C08A2 /* Resources */,
			);
			buildRules = (
			);
			dependencies = (
				2FA6473825B354F6002C08A2 /* PBXTargetDependency */,
			);
			name = PicChallengeTests;
			productName = PicChallengeTests;
			productReference = 2FA6473625B354F6002C08A2 /* PicChallengeTests.xctest */;
			productType = "com.apple.product-type.bundle.unit-test";
		};
		2FA6474025B354F6002C08A2 /* PicChallengeUITests */ = {
			isa = PBXNativeTarget;
			buildConfigurationList = 2FA6475025B354F6002C08A2 /* Build configuration list for PBXNativeTarget "PicChallengeUITests" */;
			buildPhases = (
				2FA6473D25B354F6002C08A2 /* Sources */,
				2FA6473E25B354F6002C08A2 /* Frameworks */,
				2FA6473F25B354F6002C08A2 /* Resources */,
			);
			buildRules = (
			);
			dependencies = (
				2FA6474325B354F6002C08A2 /* PBXTargetDependency */,
			);
			name = PicChallengeUITests;
			productName = PicChallengeUITests;
			productReference = 2FA6474125B354F6002C08A2 /* PicChallengeUITests.xctest */;
			productType = "com.apple.product-type.bundle.ui-testing";
		};
/* End PBXNativeTarget section */

/* Begin PBXProject section */
		2FA6471825B354F3002C08A2 /* Project object */ = {
			isa = PBXProject;
			attributes = {
				LastSwiftUpdateCheck = 1230;
				LastUpgradeCheck = 1230;
				TargetAttributes = {
					2FA6471F25B354F3002C08A2 = {
						CreatedOnToolsVersion = 12.3;
					};
					2FA6473525B354F6002C08A2 = {
						CreatedOnToolsVersion = 12.3;
						TestTargetID = 2FA6471F25B354F3002C08A2;
					};
					2FA6474025B354F6002C08A2 = {
						CreatedOnToolsVersion = 12.3;
						TestTargetID = 2FA6471F25B354F3002C08A2;
					};
				};
			};
			buildConfigurationList = 2FA6471B25B354F3002C08A2 /* Build configuration list for PBXProject "PicChallenge" */;
			compatibilityVersion = "Xcode 9.3";
			developmentRegion = en;
			hasScannedForEncodings = 0;
			knownRegions = (
				en,
				Base,
			);
			mainGroup = 2FA6471725B354F3002C08A2;
			productRefGroup = 2FA6472125B354F3002C08A2 /* Products */;
			projectDirPath = "";
			projectRoot = "";
			targets = (
				2FA6471F25B354F3002C08A2 /* PicChallenge */,
				2FA6473525B354F6002C08A2 /* PicChallengeTests */,
				2FA6474025B354F6002C08A2 /* PicChallengeUITests */,
			);
		};
/* End PBXProject section */

/* Begin PBXResourcesBuildPhase section */
		2FA6471E25B354F3002C08A2 /* Resources */ = {
			isa = PBXResourcesBuildPhase;
			buildActionMask = 2147483647;
			files = (
				2FA6473025B354F5002C08A2 /* LaunchScreen.storyboard in Resources */,
				2FA6472D25B354F5002C08A2 /* Assets.xcassets in Resources */,
				2FA6472B25B354F3002C08A2 /* Main.storyboard in Resources */,
			);
			runOnlyForDeploymentPostprocessing = 0;
		};
		2FA6473425B354F6002C08A2 /* Resources */ = {
			isa = PBXResourcesBuildPhase;
			buildActionMask = 2147483647;
			files = (
			);
			runOnlyForDeploymentPostprocessing = 0;
		};
		2FA6473F25B354F6002C08A2 /* Resources */ = {
			isa = PBXResourcesBuildPhase;
			buildActionMask = 2147483647;
			files = (
			);
			runOnlyForDeploymentPostprocessing = 0;
		};
/* End PBXResourcesBuildPhase section */

/* Begin PBXSourcesBuildPhase section */
		2FA6471C25B354F3002C08A2 /* Sources */ = {
			isa = PBXSourcesBuildPhase;
			buildActionMask = 2147483647;
			files = (
				2FA6472825B354F3002C08A2 /* ViewController.swift in Sources */,
				2FA6472425B354F3002C08A2 /* AppDelegate.swift in Sources */,
				2FA6472625B354F3002C08A2 /* SceneDelegate.swift in Sources */,
			);
			runOnlyForDeploymentPostprocessing = 0;
		};
		2FA6473225B354F6002C08A2 /* Sources */ = {
			isa = PBXSourcesBuildPhase;
			buildActionMask = 2147483647;
			files = (
				2FA6473B25B354F6002C08A2 /* PicChallengeTests.swift in Sources */,
			);
			runOnlyForDeploymentPostprocessing = 0;
		};
		2FA6473D25B354F6002C08A2 /* Sources */ = {
			isa = PBXSourcesBuildPhase;
			buildActionMask = 2147483647;
			files = (
				2FA6474625B354F6002C08A2 /* PicChallengeUITests.swift in Sources */,
			);
			runOnlyForDeploymentPostprocessing = 0;
		};
/* End PBXSourcesBuildPhase section */

/* Begin PBXTargetDependency section */
		2FA6473825B354F6002C08A2 /* PBXTargetDependency */ = {
			isa = PBXTargetDependency;
			target = 2FA6471F25B354F3002C08A2 /* PicChallenge */;
			targetProxy = 2FA6473725B354F6002C08A2 /* PBXContainerItemProxy */;
		};
		2FA6474325B354F6002C08A2 /* PBXTargetDependency */ = {
			isa = PBXTargetDependency;
			target = 2FA6471F25B354F3002C08A2 /* PicChallenge */;
			targetProxy = 2FA6474225B354F6002C08A2 /* PBXContainerItemProxy */;
		};
/* End PBXTargetDependency section */

/* Begin PBXVariantGroup section */
		2FA6472925B354F3002C08A2 /* Main.storyboard */ = {
			isa = PBXVariantGroup;
			children = (
				2FA6472A25B354F3002C08A2 /* Base */,
			);
			name = Main.storyboard;
			sourceTree = "<group>";
		};
		2FA6472E25B354F5002C08A2 /* LaunchScreen.storyboard */ = {
			isa = PBXVariantGroup;
			children = (
				2FA6472F25B354F5002C08A2 /* Base */,
			);
			name = LaunchScreen.storyboard;
			sourceTree = "<group>";
		};
/* End PBXVariantGroup section */

/* Begin XCBuildConfiguration section */
		2FA6474825B354F6002C08A2 /* Debug */ = {
			isa = XCBuildConfiguration;
			buildSettings = {
				ALWAYS_SEARCH_USER_PATHS = NO;
				CLANG_ANALYZER_NONNULL = YES;
				CLANG_ANALYZER_NUMBER_OBJECT_CONVERSION = YES_AGGRESSIVE;
				CLANG_CXX_LANGUAGE_STANDARD = "gnu++14";
				CLANG_CXX_LIBRARY = "libc++";
				CLANG_ENABLE_MODULES = YES;
				CLANG_ENABLE_OBJC_ARC = YES;
				CLANG_ENABLE_OBJC_WEAK = YES;
				CLANG_WARN_BLOCK_CAPTURE_AUTORELEASING = YES;
				CLANG_WARN_BOOL_CONVERSION = YES;
				CLANG_WARN_COMMA = YES;
				CLANG_WARN_CONSTANT_CONVERSION = YES;
				CLANG_WARN_DEPRECATED_OBJC_IMPLEMENTATIONS = YES;
				CLANG_WARN_DIRECT_OBJC_ISA_USAGE = YES_ERROR;
				CLANG_WARN_DOCUMENTATION_COMMENTS = YES;
				CLANG_WARN_EMPTY_BODY = YES;
				CLANG_WARN_ENUM_CONVERSION = YES;
				CLANG_WARN_INFINITE_RECURSION = YES;
				CLANG_WARN_INT_CONVERSION = YES;
				CLANG_WARN_NON_LITERAL_NULL_CONVERSION = YES;
				CLANG_WARN_OBJC_IMPLICIT_RETAIN_SELF = YES;
				CLANG_WARN_OBJC_LITERAL_CONVERSION = YES;
				CLANG_WARN_OBJC_ROOT_CLASS = YES_ERROR;
				CLANG_WARN_QUOTED_INCLUDE_IN_FRAMEWORK_HEADER = YES;
				CLANG_WARN_RANGE_LOOP_ANALYSIS = YES;
				CLANG_WARN_STRICT_PROTOTYPES = YES;
				CLANG_WARN_SUSPICIOUS_MOVE = YES;
				CLANG_WARN_UNGUARDED_AVAILABILITY = YES_AGGRESSIVE;
				CLANG_WARN_UNREACHABLE_CODE = YES;
				CLANG_WARN__DUPLICATE_METHOD_MATCH = YES;
				COPY_PHASE_STRIP = NO;
				DEBUG_INFORMATION_FORMAT = dwarf;
				ENABLE_STRICT_OBJC_MSGSEND = YES;
				ENABLE_TESTABILITY = YES;
				GCC_C_LANGUAGE_STANDARD = gnu11;
				GCC_DYNAMIC_NO_PIC = NO;
				GCC_NO_COMMON_BLOCKS = YES;
				GCC_OPTIMIZATION_LEVEL = 0;
				GCC_PREPROCESSOR_DEFINITIONS = (
					"DEBUG=1",
					"$(inherited)",
				);
				GCC_WARN_64_TO_32_BIT_CONVERSION = YES;
				GCC_WARN_ABOUT_RETURN_TYPE = YES_ERROR;
				GCC_WARN_UNDECLARED_SELECTOR = YES;
				GCC_WARN_UNINITIALIZED_AUTOS = YES_AGGRESSIVE;
				GCC_WARN_UNUSED_FUNCTION = YES;
				GCC_WARN_UNUSED_VARIABLE = YES;
				IPHONEOS_DEPLOYMENT_TARGET = 14.3;
				MTL_ENABLE_DEBUG_INFO = INCLUDE_SOURCE;
				MTL_FAST_MATH = YES;
				ONLY_ACTIVE_ARCH = YES;
				SDKROOT = iphoneos;
				SWIFT_ACTIVE_COMPILATION_CONDITIONS = DEBUG;
				SWIFT_OPTIMIZATION_LEVEL = "-Onone";
			};
			name = Debug;
		};
		2FA6474925B354F6002C08A2 /* Release */ = {
			isa = XCBuildConfiguration;
			buildSettings = {
				ALWAYS_SEARCH_USER_PATHS = NO;
				CLANG_ANALYZER_NONNULL = YES;
				CLANG_ANALYZER_NUMBER_OBJECT_CONVERSION = YES_AGGRESSIVE;
				CLANG_CXX_LANGUAGE_STANDARD = "gnu++14";
				CLANG_CXX_LIBRARY = "libc++";
				CLANG_ENABLE_MODULES = YES;
				CLANG_ENABLE_OBJC_ARC = YES;
				CLANG_ENABLE_OBJC_WEAK = YES;
				CLANG_WARN_BLOCK_CAPTURE_AUTORELEASING = YES;
				CLANG_WARN_BOOL_CONVERSION = YES;
				CLANG_WARN_COMMA = YES;
				CLANG_WARN_CONSTANT_CONVERSION = YES;
				CLANG_WARN_DEPRECATED_OBJC_IMPLEMENTATIONS = YES;
				CLANG_WARN_DIRECT_OBJC_ISA_USAGE = YES_ERROR;
				CLANG_WARN_DOCUMENTATION_COMMENTS = YES;
				CLANG_WARN_EMPTY_BODY = YES;
				CLANG_WARN_ENUM_CONVERSION = YES;
				CLANG_WARN_INFINITE_RECURSION = YES;
				CLANG_WARN_INT_CONVERSION = YES;
				CLANG_WARN_NON_LITERAL_NULL_CONVERSION = YES;
				CLANG_WARN_OBJC_IMPLICIT_RETAIN_SELF = YES;
				CLANG_WARN_OBJC_LITERAL_CONVERSION = YES;
				CLANG_WARN_OBJC_ROOT_CLASS = YES_ERROR;
				CLANG_WARN_QUOTED_INCLUDE_IN_FRAMEWORK_HEADER = YES;
				CLANG_WARN_RANGE_LOOP_ANALYSIS = YES;
				CLANG_WARN_STRICT_PROTOTYPES = YES;
				CLANG_WARN_SUSPICIOUS_MOVE = YES;
				CLANG_WARN_UNGUARDED_AVAILABILITY = YES_AGGRESSIVE;
				CLANG_WARN_UNREACHABLE_CODE = YES;
				CLANG_WARN__DUPLICATE_METHOD_MATCH = YES;
				COPY_PHASE_STRIP = NO;
				DEBUG_INFORMATION_FORMAT = "dwarf-with-dsym";
				ENABLE_NS_ASSERTIONS = NO;
				ENABLE_STRICT_OBJC_MSGSEND = YES;
				GCC_C_LANGUAGE_STANDARD = gnu11;
				GCC_NO_COMMON_BLOCKS = YES;
				GCC_WARN_64_TO_32_BIT_CONVERSION = YES;
				GCC_WARN_ABOUT_RETURN_TYPE = YES_ERROR;
				GCC_WARN_UNDECLARED_SELECTOR = YES;
				GCC_WARN_UNINITIALIZED_AUTOS = YES_AGGRESSIVE;
				GCC_WARN_UNUSED_FUNCTION = YES;
				GCC_WARN_UNUSED_VARIABLE = YES;
				IPHONEOS_DEPLOYMENT_TARGET = 14.3;
				MTL_ENABLE_DEBUG_INFO = NO;
				MTL_FAST_MATH = YES;
				SDKROOT = iphoneos;
				SWIFT_COMPILATION_MODE = wholemodule;
				SWIFT_OPTIMIZATION_LEVEL = "-O";
				VALIDATE_PRODUCT = YES;
			};
			name = Release;
		};
		2FA6474B25B354F6002C08A2 /* Debug */ = {
			isa = XCBuildConfiguration;
			buildSettings = {
				ASSETCATALOG_COMPILER_APPICON_NAME = AppIcon;
				ASSETCATALOG_COMPILER_GLOBAL_ACCENT_COLOR_NAME = AccentColor;
				CODE_SIGN_STYLE = Automatic;
				DEVELOPMENT_TEAM = LQDASF64MT;
				INFOPLIST_FILE = PicChallenge/Info.plist;
				LD_RUNPATH_SEARCH_PATHS = (
					"$(inherited)",
					"@executable_path/Frameworks",
				);
				PRODUCT_BUNDLE_IDENTIFIER = dev.feuer.PicChallenge;
				PRODUCT_NAME = "$(TARGET_NAME)";
				SWIFT_VERSION = 5.0;
				TARGETED_DEVICE_FAMILY = "1,2";
			};
			name = Debug;
		};
		2FA6474C25B354F6002C08A2 /* Release */ = {
			isa = XCBuildConfiguration;
			buildSettings = {
				ASSETCATALOG_COMPILER_APPICON_NAME = AppIcon;
				ASSETCATALOG_COMPILER_GLOBAL_ACCENT_COLOR_NAME = AccentColor;
				CODE_SIGN_STYLE = Automatic;
				DEVELOPMENT_TEAM = LQDASF64MT;
				INFOPLIST_FILE = PicChallenge/Info.plist;
				LD_RUNPATH_SEARCH_PATHS = (
					"$(inherited)",
					"@executable_path/Frameworks",
				);
				PRODUCT_BUNDLE_IDENTIFIER = dev.feuer.PicChallenge;
				PRODUCT_NAME = "$(TARGET_NAME)";
				SWIFT_VERSION = 5.0;
				TARGETED_DEVICE_FAMILY = "1,2";
			};
			name = Release;
		};
		2FA6474E25B354F6002C08A2 /* Debug */ = {
			isa = XCBuildConfiguration;
			buildSettings = {
				ALWAYS_EMBED_SWIFT_STANDARD_LIBRARIES = YES;
				BUNDLE_LOADER = "$(TEST_HOST)";
				CODE_SIGN_STYLE = Automatic;
				DEVELOPMENT_TEAM = LQDASF64MT;
				INFOPLIST_FILE = PicChallengeTests/Info.plist;
				IPHONEOS_DEPLOYMENT_TARGET = 14.3;
				LD_RUNPATH_SEARCH_PATHS = (
					"$(inherited)",
					"@executable_path/Frameworks",
					"@loader_path/Frameworks",
				);
				PRODUCT_BUNDLE_IDENTIFIER = dev.feuer.PicChallengeTests;
				PRODUCT_NAME = "$(TARGET_NAME)";
				SWIFT_VERSION = 5.0;
				TARGETED_DEVICE_FAMILY = "1,2";
				TEST_HOST = "$(BUILT_PRODUCTS_DIR)/PicChallenge.app/PicChallenge";
			};
			name = Debug;
		};
		2FA6474F25B354F6002C08A2 /* Release */ = {
			isa = XCBuildConfiguration;
			buildSettings = {
				ALWAYS_EMBED_SWIFT_STANDARD_LIBRARIES = YES;
				BUNDLE_LOADER = "$(TEST_HOST)";
				CODE_SIGN_STYLE = Automatic;
				DEVELOPMENT_TEAM = LQDASF64MT;
				INFOPLIST_FILE = PicChallengeTests/Info.plist;
				IPHONEOS_DEPLOYMENT_TARGET = 14.3;
				LD_RUNPATH_SEARCH_PATHS = (
					"$(inherited)",
					"@executable_path/Frameworks",
					"@loader_path/Frameworks",
				);
				PRODUCT_BUNDLE_IDENTIFIER = dev.feuer.PicChallengeTests;
				PRODUCT_NAME = "$(TARGET_NAME)";
				SWIFT_VERSION = 5.0;
				TARGETED_DEVICE_FAMILY = "1,2";
				TEST_HOST = "$(BUILT_PRODUCTS_DIR)/PicChallenge.app/PicChallenge";
			};
			name = Release;
		};
		2FA6475125B354F6002C08A2 /* Debug */ = {
			isa = XCBuildConfiguration;
			buildSettings = {
				ALWAYS_EMBED_SWIFT_STANDARD_LIBRARIES = YES;
				CODE_SIGN_STYLE = Automatic;
				DEVELOPMENT_TEAM = LQDASF64MT;
				INFOPLIST_FILE = PicChallengeUITests/Info.plist;
				LD_RUNPATH_SEARCH_PATHS = (
					"$(inherited)",
					"@executable_path/Frameworks",
					"@loader_path/Frameworks",
				);
				PRODUCT_BUNDLE_IDENTIFIER = dev.feuer.PicChallengeUITests;
				PRODUCT_NAME = "$(TARGET_NAME)";
				SWIFT_VERSION = 5.0;
				TARGETED_DEVICE_FAMILY = "1,2";
				TEST_TARGET_NAME = PicChallenge;
			};
			name = Debug;
		};
		2FA6475225B354F6002C08A2 /* Release */ = {
			isa = XCBuildConfiguration;
			buildSettings = {
				ALWAYS_EMBED_SWIFT_STANDARD_LIBRARIES = YES;
				CODE_SIGN_STYLE = Automatic;
				DEVELOPMENT_TEAM = LQDASF64MT;
				INFOPLIST_FILE = PicChallengeUITests/Info.plist;
				LD_RUNPATH_SEARCH_PATHS = (
					"$(inherited)",
					"@executable_path/Frameworks",
					"@loader_path/Frameworks",
				);
				PRODUCT_BUNDLE_IDENTIFIER = dev.feuer.PicChallengeUITests;
				PRODUCT_NAME = "$(TARGET_NAME)";
				SWIFT_VERSION = 5.0;
				TARGETED_DEVICE_FAMILY = "1,2";
				TEST_TARGET_NAME = PicChallenge;
			};
			name = Release;
		};
/* End XCBuildConfiguration section */

/* Begin XCConfigurationList section */
		2FA6471B25B354F3002C08A2 /* Build configuration list for PBXProject "PicChallenge" */ = {
			isa = XCConfigurationList;
			buildConfigurations = (
				2FA6474825B354F6002C08A2 /* Debug */,
				2FA6474925B354F6002C08A2 /* Release */,
			);
			defaultConfigurationIsVisible = 0;
			defaultConfigurationName = Release;
		};
		2FA6474A25B354F6002C08A2 /* Build configuration list for PBXNativeTarget "PicChallenge" */ = {
			isa = XCConfigurationList;
			buildConfigurations = (
				2FA6474B25B354F6002C08A2 /* Debug */,
				2FA6474C25B354F6002C08A2 /* Release */,
			);
			defaultConfigurationIsVisible = 0;
			defaultConfigurationName = Release;
		};
		2FA6474D25B354F6002C08A2 /* Build configuration list for PBXNativeTarget "PicChallengeTests" */ = {
			isa = XCConfigurationList;
			buildConfigurations = (
				2FA6474E25B354F6002C08A2 /* Debug */,
				2FA6474F25B354F6002C08A2 /* Release */,
			);
			defaultConfigurationIsVisible = 0;
			defaultConfigurationName = Release;
		};
		2FA6475025B354F6002C08A2 /* Build configuration list for PBXNativeTarget "PicChallengeUITests" */ = {
			isa = XCConfigurationList;
			buildConfigurations = (
				2FA6475125B354F6002C08A2 /* Debug */,
				2FA6475225B354F6002C08A2 /* Release */,
			);
			defaultConfigurationIsVisible = 0;
			defaultConfigurationName = Release;
		};
/* End XCConfigurationList section */
	};
	rootObject = 2FA6471825B354F3002C08A2 /* Project object */;
}
